
Microsoft Visual Studio Solution File, Format Version 12.00
# Visual Studio Version 17
VisualStudioVersion = 17.14.36616.10 d17.14
MinimumVisualStudioVersion = 10.0.40219.1
Project("{8BC9CEB8-8B4A-11D0-8D11-00A0C91BC942}") = "lab6", "lab6\lab6.vcxproj", "{2D784EF2-06C5-42E4-9EED-D435891330D2}"
EndProject
Global
	GlobalSection(SolutionConfigurationPlatforms) = preSolution
		Debug|x64 = Debug|x64
		Debug|x86 = Debug|x86
		Release|x64 = Release|x64
		Release|x86 = Release|x86
	EndGlobalSection
	GlobalSection(ProjectConfigurationPlatforms) = postSolution
		{2D784EF2-06C5-42E4-9EED-D435891330D2}.Debug|x64.ActiveCfg = Debug|x64
		{2D784EF2-06C5-42E4-9EED-D435891330D2}.Debug|x64.Build.0 = Debug|x64
		{2D784EF2-06C5-42E4-9EED-D435891330D2}.Debug|x86.ActiveCfg = Debug|Win32
		{2D784EF2-06C5-42E4-9EED-D435891330D2}.Debug|x86.Build.0 = Debug|Win32
		{2D784EF2-06C5-42E4-9EED-D435891330D2}.Release|x64.ActiveCfg = Release|x64
		{2D784EF2-06C5-42E4-9EED-D435891330D2}.Release|x64.Build.0 = Release|x64
		{2D784EF2-06C5-42E4-9EED-D435891330D2}.Release|x86.ActiveCfg = Release|Win32
		{2D784EF2-06C5-42E4-9EED-D435891330D2}.Release|x86.Build.0 = Release|Win32
	EndGlobalSection
	GlobalSection(SolutionProperties) = preSolution
		HideSolutionNode = FALSE
	EndGlobalSection
	GlobalSection(ExtensibilityGlobals) = postSolution
		SolutionGuid = {77F22C78-8F80-47C2-B825-CE8B9FC80A9A}
	EndGlobalSection
EndGlobal
